
Microsoft Visual Studio Solution File, Format Version 12.00
# Visual Studio Version 17
VisualStudioVersion = 17.13.35825.156 d17.13
MinimumVisualStudioVersion = 10.0.40219.1
Project("{FAE04EC0-301F-11D3-BF4B-00C04F79EFBC}") = "ClassLibrary1", "ClassLibrary1\ClassLibrary1.csproj", "{5DB384F7-5075-4027-8B77-EFD2D96BD2F3}"
EndProject
Global
	GlobalSection(SolutionConfigurationPlatforms) = preSolution
		Debug|Any CPU = Debug|Any CPU
		Release|Any CPU = Release|Any CPU
	EndGlobalSection
	GlobalSection(ProjectConfigurationPlatforms) = postSolution
		{5DB384F7-5075-4027-8B77-EFD2D96BD2F3}.Debug|Any CPU.ActiveCfg = Debug|Any CPU
		{5DB384F7-5075-4027-8B77-EFD2D96BD2F3}.Debug|Any CPU.Build.0 = Debug|Any CPU
		{5DB384F7-5075-4027-8B77-EFD2D96BD2F3}.Release|Any CPU.ActiveCfg = Release|Any CPU
		{5DB384F7-5075-4027-8B77-EFD2D96BD2F3}.Release|Any CPU.Build.0 = Release|Any CPU
	EndGlobalSection
	GlobalSection(SolutionProperties) = preSolution
		HideSolutionNode = FALSE
	EndGlobalSection
	GlobalSection(ExtensibilityGlobals) = postSolution
		SolutionGuid = {A0E416D6-2CB6-4624-A035-CD17A30C4ABD}
	EndGlobalSection
EndGlobal
